// !$*UTF8*$!
{
	archiveVersion = 1;
	classes = {
	};
	objectVersion = 56;
	objects = {

/* Begin PBXBuildFile section */
		A64403172B4809BD0026AD0C /* snore-and-chill-data.json in Resources */ = {isa = PBXBuildFile; fileRef = A64403162B4809BD0026AD0C /* snore-and-chill-data.json */; };
		A689CE472B3C0E080065424A /* dump_graph_2.json in Resources */ = {isa = PBXBuildFile; fileRef = A689CE462B3C0E080065424A /* dump_graph_2.json */; };
		A689CE492B3C18C90065424A /* flight-user-2021-04-17.json in Resources */ = {isa = PBXBuildFile; fileRef = A689CE482B3C18C90065424A /* flight-user-2021-04-17.json */; };
		A689CE4B2B3C18DE0065424A /* flight-user-2021-04-24.json in Resources */ = {isa = PBXBuildFile; fileRef = A689CE4A2B3C18DE0065424A /* flight-user-2021-04-24.json */; };
		A68B24262B39749A00D2F521 /* ZoomInAndOutGraphApp.swift in Sources */ = {isa = PBXBuildFile; fileRef = A68B24252B39749A00D2F521 /* ZoomInAndOutGraphApp.swift */; };
		A68B242A2B39749C00D2F521 /* Assets.xcassets in Resources */ = {isa = PBXBuildFile; fileRef = A68B24292B39749C00D2F521 /* Assets.xcassets */; };
		A68B242D2B39749C00D2F521 /* Preview Assets.xcassets in Resources */ = {isa = PBXBuildFile; fileRef = A68B242C2B39749C00D2F521 /* Preview Assets.xcassets */; };
		A6C0249A2B3AD92B008A4D16 /* SleepModel.swift in Sources */ = {isa = PBXBuildFile; fileRef = A6C024992B3AD92B008A4D16 /* SleepModel.swift */; };
		A6C0249D2B3ADBBD008A4D16 /* MainViewModel.swift in Sources */ = {isa = PBXBuildFile; fileRef = A6C0249C2B3ADBBD008A4D16 /* MainViewModel.swift */; };
		A6C0249F2B3ADC5D008A4D16 /* dump_graph.json in Resources */ = {isa = PBXBuildFile; fileRef = A6C0249E2B3ADC5D008A4D16 /* dump_graph.json */; };
		A6EF341F2B3AB9FD00659350 /* ChartsMagnificationView.swift in Sources */ = {isa = PBXBuildFile; fileRef = A6EF341E2B3AB9FD00659350 /* ChartsMagnificationView.swift */; };
/* End PBXBuildFile section */

/* Begin PBXFileReference section */
		A64403162B4809BD0026AD0C /* snore-and-chill-data.json */ = {isa = PBXFileReference; fileEncoding = 4; lastKnownFileType = text.json; path = "snore-and-chill-data.json"; sourceTree = "<group>"; };
		A689CE462B3C0E080065424A /* dump_graph_2.json */ = {isa = PBXFileReference; fileEncoding = 4; lastKnownFileType = text.json; path = dump_graph_2.json; sourceTree = "<group>"; };
		A689CE482B3C18C90065424A /* flight-user-2021-04-17.json */ = {isa = PBXFileReference; fileEncoding = 4; lastKnownFileType = text.json; path = "flight-user-2021-04-17.json"; sourceTree = "<group>"; };
		A689CE4A2B3C18DE0065424A /* flight-user-2021-04-24.json */ = {isa = PBXFileReference; fileEncoding = 4; lastKnownFileType = text.json; path = "flight-user-2021-04-24.json"; sourceTree = "<group>"; };
		A68B24222B39749A00D2F521 /* ZoomInAndOutGraph.app */ = {isa = PBXFileReference; explicitFileType = wrapper.application; includeInIndex = 0; path = ZoomInAndOutGraph.app; sourceTree = BUILT_PRODUCTS_DIR; };
		A68B24252B39749A00D2F521 /* ZoomInAndOutGraphApp.swift */ = {isa = PBXFileReference; lastKnownFileType = sourcecode.swift; path = ZoomInAndOutGraphApp.swift; sourceTree = "<group>"; };
		A68B24292B39749C00D2F521 /* Assets.xcassets */ = {isa = PBXFileReference; lastKnownFileType = folder.assetcatalog; path = Assets.xcassets; sourceTree = "<group>"; };
		A68B242C2B39749C00D2F521 /* Preview Assets.xcassets */ = {isa = PBXFileReference; lastKnownFileType = folder.assetcatalog; path = "Preview Assets.xcassets"; sourceTree = "<group>"; };
		A6C024992B3AD92B008A4D16 /* SleepModel.swift */ = {isa = PBXFileReference; lastKnownFileType = sourcecode.swift; path = SleepModel.swift; sourceTree = "<group>"; };
		A6C0249C2B3ADBBD008A4D16 /* MainViewModel.swift */ = {isa = PBXFileReference; lastKnownFileType = sourcecode.swift; path = MainViewModel.swift; sourceTree = "<group>"; };
		A6C0249E2B3ADC5D008A4D16 /* dump_graph.json */ = {isa = PBXFileReference; fileEncoding = 4; lastKnownFileType = text.json; path = dump_graph.json; sourceTree = "<group>"; };
		A6EF341E2B3AB9FD00659350 /* ChartsMagnificationView.swift */ = {isa = PBXFileReference; lastKnownFileType = sourcecode.swift; path = ChartsMagnificationView.swift; sourceTree = "<group>"; };
/* End PBXFileReference section */

/* Begin PBXFrameworksBuildPhase section */
		A68B241F2B39749A00D2F521 /* Frameworks */ = {
			isa = PBXFrameworksBuildPhase;
			buildActionMask = 2147483647;
			files = (
			);
			runOnlyForDeploymentPostprocessing = 0;
		};
/* End PBXFrameworksBuildPhase section */

/* Begin PBXGroup section */
		A68B24192B39749A00D2F521 = {
			isa = PBXGroup;
			children = (
				A68B24242B39749A00D2F521 /* ZoomInAndOutGraph */,
				A68B24232B39749A00D2F521 /* Products */,
			);
			sourceTree = "<group>";
		};
		A68B24232B39749A00D2F521 /* Products */ = {
			isa = PBXGroup;
			children = (
				A68B24222B39749A00D2F521 /* ZoomInAndOutGraph.app */,
			);
			name = Products;
			sourceTree = "<group>";
		};
		A68B24242B39749A00D2F521 /* ZoomInAndOutGraph */ = {
			isa = PBXGroup;
			children = (
				A6C024982B3AD90B008A4D16 /* Models */,
				A6C0249B2B3ADBAD008A4D16 /* ViewModels */,
				A68B24252B39749A00D2F521 /* ZoomInAndOutGraphApp.swift */,
				A6EF341E2B3AB9FD00659350 /* ChartsMagnificationView.swift */,
				A6C024A02B3ADC62008A4D16 /* Files */,
				A68B24292B39749C00D2F521 /* Assets.xcassets */,
				A68B242B2B39749C00D2F521 /* Preview Content */,
			);
			path = ZoomInAndOutGraph;
			sourceTree = "<group>";
		};
		A68B242B2B39749C00D2F521 /* Preview Content */ = {
			isa = PBXGroup;
			children = (
				A68B242C2B39749C00D2F521 /* Preview Assets.xcassets */,
			);
			path = "Preview Content";
			sourceTree = "<group>";
		};
		A6C024982B3AD90B008A4D16 /* Models */ = {
			isa = PBXGroup;
			children = (
				A6C024992B3AD92B008A4D16 /* SleepModel.swift */,
			);
			path = Models;
			sourceTree = "<group>";
		};
		A6C0249B2B3ADBAD008A4D16 /* ViewModels */ = {
			isa = PBXGroup;
			children = (
				A6C0249C2B3ADBBD008A4D16 /* MainViewModel.swift */,
			);
			path = ViewModels;
			sourceTree = "<group>";
		};
		A6C024A02B3ADC62008A4D16 /* Files */ = {
			isa = PBXGroup;
			children = (
				A6C0249E2B3ADC5D008A4D16 /* dump_graph.json */,
				A689CE462B3C0E080065424A /* dump_graph_2.json */,
				A689CE482B3C18C90065424A /* flight-user-2021-04-17.json */,
				A689CE4A2B3C18DE0065424A /* flight-user-2021-04-24.json */,
				A64403162B4809BD0026AD0C /* snore-and-chill-data.json */,
			);
			path = Files;
			sourceTree = "<group>";
		};
/* End PBXGroup section */

/* Begin PBXNativeTarget section */
		A68B24212B39749A00D2F521 /* ZoomInAndOutGraph */ = {
			isa = PBXNativeTarget;
			buildConfigurationList = A68B24302B39749C00D2F521 /* Build configuration list for PBXNativeTarget "ZoomInAndOutGraph" */;
			buildPhases = (
				A68B241E2B39749A00D2F521 /* Sources */,
				A68B241F2B39749A00D2F521 /* Frameworks */,
				A68B24202B39749A00D2F521 /* Resources */,
			);
			buildRules = (
			);
			dependencies = (
			);
			name = ZoomInAndOutGraph;
			productName = ZoomInAndOutGraph;
			productReference = A68B24222B39749A00D2F521 /* ZoomInAndOutGraph.app */;
			productType = "com.apple.product-type.application";
		};
/* End PBXNativeTarget section */

/* Begin PBXProject section */
		A68B241A2B39749A00D2F521 /* Project object */ = {
			isa = PBXProject;
			attributes = {
				BuildIndependentTargetsInParallel = 1;
				LastSwiftUpdateCheck = 1510;
				LastUpgradeCheck = 1510;
				TargetAttributes = {
					A68B24212B39749A00D2F521 = {
						CreatedOnToolsVersion = 15.1;
					};
				};
			};
			buildConfigurationList = A68B241D2B39749A00D2F521 /* Build configuration list for PBXProject "ZoomInAndOutGraph" */;
			compatibilityVersion = "Xcode 14.0";
			developmentRegion = en;
			hasScannedForEncodings = 0;
			knownRegions = (
				en,
				Base,
			);
			mainGroup = A68B24192B39749A00D2F521;
			productRefGroup = A68B24232B39749A00D2F521 /* Products */;
			projectDirPath = "";
			projectRoot = "";
			targets = (
				A68B24212B39749A00D2F521 /* ZoomInAndOutGraph */,
			);
		};
/* End PBXProject section */

/* Begin PBXResourcesBuildPhase section */
		A68B24202B39749A00D2F521 /* Resources */ = {
			isa = PBXResourcesBuildPhase;
			buildActionMask = 2147483647;
			files = (
				A68B242D2B39749C00D2F521 /* Preview Assets.xcassets in Resources */,
				A64403172B4809BD0026AD0C /* snore-and-chill-data.json in Resources */,
				A689CE472B3C0E080065424A /* dump_graph_2.json in Resources */,
				A6C0249F2B3ADC5D008A4D16 /* dump_graph.json in Resources */,
				A689CE4B2B3C18DE0065424A /* flight-user-2021-04-24.json in Resources */,
				A68B242A2B39749C00D2F521 /* Assets.xcassets in Resources */,
				A689CE492B3C18C90065424A /* flight-user-2021-04-17.json in Resources */,
			);
			runOnlyForDeploymentPostprocessing = 0;
		};
/* End PBXResourcesBuildPhase section */

/* Begin PBXSourcesBuildPhase section */
		A68B241E2B39749A00D2F521 /* Sources */ = {
			isa = PBXSourcesBuildPhase;
			buildActionMask = 2147483647;
			files = (
				A6C0249A2B3AD92B008A4D16 /* SleepModel.swift in Sources */,
				A6EF341F2B3AB9FD00659350 /* ChartsMagnificationView.swift in Sources */,
				A68B24262B39749A00D2F521 /* ZoomInAndOutGraphApp.swift in Sources */,
				A6C0249D2B3ADBBD008A4D16 /* MainViewModel.swift in Sources */,
			);
			runOnlyForDeploymentPostprocessing = 0;
		};
/* End PBXSourcesBuildPhase section */

/* Begin XCBuildConfiguration section */
		A68B242E2B39749C00D2F521 /* Debug */ = {
			isa = XCBuildConfiguration;
			buildSettings = {
				ALWAYS_SEARCH_USER_PATHS = NO;
				ASSETCATALOG_COMPILER_GENERATE_SWIFT_ASSET_SYMBOL_EXTENSIONS = YES;
				CLANG_ANALYZER_NONNULL = YES;
				CLANG_ANALYZER_NUMBER_OBJECT_CONVERSION = YES_AGGRESSIVE;
				CLANG_CXX_LANGUAGE_STANDARD = "gnu++20";
				CLANG_ENABLE_MODULES = YES;
				CLANG_ENABLE_OBJC_ARC = YES;
				CLANG_ENABLE_OBJC_WEAK = YES;
				CLANG_WARN_BLOCK_CAPTURE_AUTORELEASING = YES;
				CLANG_WARN_BOOL_CONVERSION = YES;
				CLANG_WARN_COMMA = YES;
				CLANG_WARN_CONSTANT_CONVERSION = YES;
				CLANG_WARN_DEPRECATED_OBJC_IMPLEMENTATIONS = YES;
				CLANG_WARN_DIRECT_OBJC_ISA_USAGE = YES_ERROR;
				CLANG_WARN_DOCUMENTATION_COMMENTS = YES;
				CLANG_WARN_EMPTY_BODY = YES;
				CLANG_WARN_ENUM_CONVERSION = YES;
				CLANG_WARN_INFINITE_RECURSION = YES;
				CLANG_WARN_INT_CONVERSION = YES;
				CLANG_WARN_NON_LITERAL_NULL_CONVERSION = YES;
				CLANG_WARN_OBJC_IMPLICIT_RETAIN_SELF = YES;
				CLANG_WARN_OBJC_LITERAL_CONVERSION = YES;
				CLANG_WARN_OBJC_ROOT_CLASS = YES_ERROR;
				CLANG_WARN_QUOTED_INCLUDE_IN_FRAMEWORK_HEADER = YES;
				CLANG_WARN_RANGE_LOOP_ANALYSIS = YES;
				CLANG_WARN_STRICT_PROTOTYPES = YES;
				CLANG_WARN_SUSPICIOUS_MOVE = YES;
				CLANG_WARN_UNGUARDED_AVAILABILITY = YES_AGGRESSIVE;
				CLANG_WARN_UNREACHABLE_CODE = YES;
				CLANG_WARN__DUPLICATE_METHOD_MATCH = YES;
				COPY_PHASE_STRIP = NO;
				DEBUG_INFORMATION_FORMAT = dwarf;
				ENABLE_STRICT_OBJC_MSGSEND = YES;
				ENABLE_TESTABILITY = YES;
				ENABLE_USER_SCRIPT_SANDBOXING = YES;
				GCC_C_LANGUAGE_STANDARD = gnu17;
				GCC_DYNAMIC_NO_PIC = NO;
				GCC_NO_COMMON_BLOCKS = YES;
				GCC_OPTIMIZATION_LEVEL = 0;
				GCC_PREPROCESSOR_DEFINITIONS = (
					"DEBUG=1",
					"$(inherited)",
				);
				GCC_WARN_64_TO_32_BIT_CONVERSION = YES;
				GCC_WARN_ABOUT_RETURN_TYPE = YES_ERROR;
				GCC_WARN_UNDECLARED_SELECTOR = YES;
				GCC_WARN_UNINITIALIZED_AUTOS = YES_AGGRESSIVE;
				GCC_WARN_UNUSED_FUNCTION = YES;
				GCC_WARN_UNUSED_VARIABLE = YES;
				IPHONEOS_DEPLOYMENT_TARGET = 17.2;
				LOCALIZATION_PREFERS_STRING_CATALOGS = YES;
				MTL_ENABLE_DEBUG_INFO = INCLUDE_SOURCE;
				MTL_FAST_MATH = YES;
				ONLY_ACTIVE_ARCH = YES;
				SDKROOT = iphoneos;
				SWIFT_ACTIVE_COMPILATION_CONDITIONS = "DEBUG $(inherited)";
				SWIFT_OPTIMIZATION_LEVEL = "-Onone";
			};
			name = Debug;
		};
		A68B242F2B39749C00D2F521 /* Release */ = {
			isa = XCBuildConfiguration;
			buildSettings = {
				ALWAYS_SEARCH_USER_PATHS = NO;
				ASSETCATALOG_COMPILER_GENERATE_SWIFT_ASSET_SYMBOL_EXTENSIONS = YES;
				CLANG_ANALYZER_NONNULL = YES;
				CLANG_ANALYZER_NUMBER_OBJECT_CONVERSION = YES_AGGRESSIVE;
				CLANG_CXX_LANGUAGE_STANDARD = "gnu++20";
				CLANG_ENABLE_MODULES = YES;
				CLANG_ENABLE_OBJC_ARC = YES;
				CLANG_ENABLE_OBJC_WEAK = YES;
				CLANG_WARN_BLOCK_CAPTURE_AUTORELEASING = YES;
				CLANG_WARN_BOOL_CONVERSION = YES;
				CLANG_WARN_COMMA = YES;
				CLANG_WARN_CONSTANT_CONVERSION = YES;
				CLANG_WARN_DEPRECATED_OBJC_IMPLEMENTATIONS = YES;
				CLANG_WARN_DIRECT_OBJC_ISA_USAGE = YES_ERROR;
				CLANG_WARN_DOCUMENTATION_COMMENTS = YES;
				CLANG_WARN_EMPTY_BODY = YES;
				CLANG_WARN_ENUM_CONVERSION = YES;
				CLANG_WARN_INFINITE_RECURSION = YES;
				CLANG_WARN_INT_CONVERSION = YES;
				CLANG_WARN_NON_LITERAL_NULL_CONVERSION = YES;
				CLANG_WARN_OBJC_IMPLICIT_RETAIN_SELF = YES;
				CLANG_WARN_OBJC_LITERAL_CONVERSION = YES;
				CLANG_WARN_OBJC_ROOT_CLASS = YES_ERROR;
				CLANG_WARN_QUOTED_INCLUDE_IN_FRAMEWORK_HEADER = YES;
				CLANG_WARN_RANGE_LOOP_ANALYSIS = YES;
				CLANG_WARN_STRICT_PROTOTYPES = YES;
				CLANG_WARN_SUSPICIOUS_MOVE = YES;
				CLANG_WARN_UNGUARDED_AVAILABILITY = YES_AGGRESSIVE;
				CLANG_WARN_UNREACHABLE_CODE = YES;
				CLANG_WARN__DUPLICATE_METHOD_MATCH = YES;
				COPY_PHASE_STRIP = NO;
				DEBUG_INFORMATION_FORMAT = "dwarf-with-dsym";
				ENABLE_NS_ASSERTIONS = NO;
				ENABLE_STRICT_OBJC_MSGSEND = YES;
				ENABLE_USER_SCRIPT_SANDBOXING = YES;
				GCC_C_LANGUAGE_STANDARD = gnu17;
				GCC_NO_COMMON_BLOCKS = YES;
				GCC_WARN_64_TO_32_BIT_CONVERSION = YES;
				GCC_WARN_ABOUT_RETURN_TYPE = YES_ERROR;
				GCC_WARN_UNDECLARED_SELECTOR = YES;
				GCC_WARN_UNINITIALIZED_AUTOS = YES_AGGRESSIVE;
				GCC_WARN_UNUSED_FUNCTION = YES;
				GCC_WARN_UNUSED_VARIABLE = YES;
				IPHONEOS_DEPLOYMENT_TARGET = 17.2;
				LOCALIZATION_PREFERS_STRING_CATALOGS = YES;
				MTL_ENABLE_DEBUG_INFO = NO;
				MTL_FAST_MATH = YES;
				SDKROOT = iphoneos;
				SWIFT_COMPILATION_MODE = wholemodule;
				VALIDATE_PRODUCT = YES;
			};
			name = Release;
		};
		A68B24312B39749C00D2F521 /* Debug */ = {
			isa = XCBuildConfiguration;
			buildSettings = {
				ASSETCATALOG_COMPILER_APPICON_NAME = AppIcon;
				ASSETCATALOG_COMPILER_GLOBAL_ACCENT_COLOR_NAME = AccentColor;
				CODE_SIGN_STYLE = Automatic;
				CURRENT_PROJECT_VERSION = 1;
				DEVELOPMENT_ASSET_PATHS = "\"ZoomInAndOutGraph/Preview Content\"";
				DEVELOPMENT_TEAM = XFBFY2S4T4;
				ENABLE_PREVIEWS = YES;
				GENERATE_INFOPLIST_FILE = YES;
				INFOPLIST_KEY_UIApplicationSceneManifest_Generation = YES;
				INFOPLIST_KEY_UIApplicationSupportsIndirectInputEvents = YES;
				INFOPLIST_KEY_UILaunchScreen_Generation = YES;
				INFOPLIST_KEY_UISupportedInterfaceOrientations_iPad = "UIInterfaceOrientationPortrait UIInterfaceOrientationPortraitUpsideDown UIInterfaceOrientationLandscapeLeft UIInterfaceOrientationLandscapeRight";
				INFOPLIST_KEY_UISupportedInterfaceOrientations_iPhone = "UIInterfaceOrientationPortrait UIInterfaceOrientationLandscapeLeft UIInterfaceOrientationLandscapeRight";
				IPHONEOS_DEPLOYMENT_TARGET = 16.0;
				LD_RUNPATH_SEARCH_PATHS = (
					"$(inherited)",
					"@executable_path/Frameworks",
				);
				MARKETING_VERSION = 1.0;
				PRODUCT_BUNDLE_IDENTIFIER = com.berket.ZoomInAndOutGraph;
				PRODUCT_NAME = "$(TARGET_NAME)";
				SWIFT_EMIT_LOC_STRINGS = YES;
				SWIFT_VERSION = 5.0;
				TARGETED_DEVICE_FAMILY = "1,2";
			};
			name = Debug;
		};
		A68B24322B39749C00D2F521 /* Release */ = {
			isa = XCBuildConfiguration;
			buildSettings = {
				ASSETCATALOG_COMPILER_APPICON_NAME = AppIcon;
				ASSETCATALOG_COMPILER_GLOBAL_ACCENT_COLOR_NAME = AccentColor;
				CODE_SIGN_STYLE = Automatic;
				CURRENT_PROJECT_VERSION = 1;
				DEVELOPMENT_ASSET_PATHS = "\"ZoomInAndOutGraph/Preview Content\"";
				DEVELOPMENT_TEAM = XFBFY2S4T4;
				ENABLE_PREVIEWS = YES;
				GENERATE_INFOPLIST_FILE = YES;
				INFOPLIST_KEY_UIApplicationSceneManifest_Generation = YES;
				INFOPLIST_KEY_UIApplicationSupportsIndirectInputEvents = YES;
				INFOPLIST_KEY_UILaunchScreen_Generation = YES;
				INFOPLIST_KEY_UISupportedInterfaceOrientations_iPad = "UIInterfaceOrientationPortrait UIInterfaceOrientationPortraitUpsideDown UIInterfaceOrientationLandscapeLeft UIInterfaceOrientationLandscapeRight";
				INFOPLIST_KEY_UISupportedInterfaceOrientations_iPhone = "UIInterfaceOrientationPortrait UIInterfaceOrientationLandscapeLeft UIInterfaceOrientationLandscapeRight";
				IPHONEOS_DEPLOYMENT_TARGET = 16.0;
				LD_RUNPATH_SEARCH_PATHS = (
					"$(inherited)",
					"@executable_path/Frameworks",
				);
				MARKETING_VERSION = 1.0;
				PRODUCT_BUNDLE_IDENTIFIER = com.berket.ZoomInAndOutGraph;
				PRODUCT_NAME = "$(TARGET_NAME)";
				SWIFT_EMIT_LOC_STRINGS = YES;
				SWIFT_VERSION = 5.0;
				TARGETED_DEVICE_FAMILY = "1,2";
			};
			name = Release;
		};
/* End XCBuildConfiguration section */

/* Begin XCConfigurationList section */
		A68B241D2B39749A00D2F521 /* Build configuration list for PBXProject "ZoomInAndOutGraph" */ = {
			isa = XCConfigurationList;
			buildConfigurations = (
				A68B242E2B39749C00D2F521 /* Debug */,
				A68B242F2B39749C00D2F521 /* Release */,
			);
			defaultConfigurationIsVisible = 0;
			defaultConfigurationName = Release;
		};
		A68B24302B39749C00D2F521 /* Build configuration list for PBXNativeTarget "ZoomInAndOutGraph" */ = {
			isa = XCConfigurationList;
			buildConfigurations = (
				A68B24312B39749C00D2F521 /* Debug */,
				A68B24322B39749C00D2F521 /* Release */,
			);
			defaultConfigurationIsVisible = 0;
			defaultConfigurationName = Release;
		};
/* End XCConfigurationList section */
	};
	rootObject = A68B241A2B39749A00D2F521 /* Project object */;
}
